
Microsoft Visual Studio Solution File, Format Version 12.00
# Visual Studio Version 16
VisualStudioVersion = 16.0.30717.126
MinimumVisualStudioVersion = 10.0.40219.1
Project("{9A19103F-16F7-4668-BE54-9A1E7A4F7556}") = "SkyArticle", "SkyArticle\SkyArticle.csproj", "{6C01D392-4BAC-4F46-8D0C-B214BD08D136}"
EndProject
Global
	GlobalSection(SolutionConfigurationPlatforms) = preSolution
		Debug|Any CPU = Debug|Any CPU
		Release|Any CPU = Release|Any CPU
	EndGlobalSection
	GlobalSection(ProjectConfigurationPlatforms) = postSolution
		{6C01D392-4BAC-4F46-8D0C-B214BD08D136}.Debug|Any CPU.ActiveCfg = Debug|Any CPU
		{6C01D392-4BAC-4F46-8D0C-B214BD08D136}.Debug|Any CPU.Build.0 = Debug|Any CPU
		{6C01D392-4BAC-4F46-8D0C-B214BD08D136}.Release|Any CPU.ActiveCfg = Release|Any CPU
		{6C01D392-4BAC-4F46-8D0C-B214BD08D136}.Release|Any CPU.Build.0 = Release|Any CPU
	EndGlobalSection
	GlobalSection(SolutionProperties) = preSolution
		HideSolutionNode = FALSE
	EndGlobalSection
	GlobalSection(ExtensibilityGlobals) = postSolution
		SolutionGuid = {DC6E7D27-BFEB-4F53-A6F4-E8E04C7CF5AA}
	EndGlobalSection
EndGlobal
